
Microsoft Visual Studio Solution File, Format Version 12.00
# Visual Studio Version 17
VisualStudioVersion = 17.8.34309.116
MinimumVisualStudioVersion = 10.0.40219.1
Project("{FAE04EC0-301F-11D3-BF4B-00C04F79EFBC}") = "VoiceSnippet", "VoiceSnippet\VoiceSnippet.csproj", "{C9F60918-9A79-46D4-B096-EA20E9FFF4BE}"
EndProject
Global
	GlobalSection(SolutionConfigurationPlatforms) = preSolution
		Debug|Any CPU = Debug|Any CPU
		Release|Any CPU = Release|Any CPU
	EndGlobalSection
	GlobalSection(ProjectConfigurationPlatforms) = postSolution
		{C9F60918-9A79-46D4-B096-EA20E9FFF4BE}.Debug|Any CPU.ActiveCfg = Debug|Any CPU
		{C9F60918-9A79-46D4-B096-EA20E9FFF4BE}.Debug|Any CPU.Build.0 = Debug|Any CPU
		{C9F60918-9A79-46D4-B096-EA20E9FFF4BE}.Release|Any CPU.ActiveCfg = Release|Any CPU
		{C9F60918-9A79-46D4-B096-EA20E9FFF4BE}.Release|Any CPU.Build.0 = Release|Any CPU
	EndGlobalSection
	GlobalSection(SolutionProperties) = preSolution
		HideSolutionNode = FALSE
	EndGlobalSection
	GlobalSection(ExtensibilityGlobals) = postSolution
		SolutionGuid = {7B81DB9A-AD28-4018-A963-1788F871F131}
	EndGlobalSection
EndGlobal
